hash: 96a5542c52638bb17447b489a6ffec4a9a1c499110c46439e18c73a29f65e62e
updated: 2018-08-31T15:10:36.882867255+08:00
imports:
- name: github.com/fatih/color
  version: 507f6050b8568533fb3f5504de8e5205fa62a114
- name: github.com/go-clog/clog
  version: 3bc2eaba5fa35df0338549cc1180dc45f6fc2a16
- name: github.com/influxdata/influxdb
  version: 1320c09edd93e7acf9e73a375f6f0d3f30b6d19f
  subpackages:
  - client
  - models
  - pkg/escape
- name: github.com/mattn/go-colorable
  version: efa589957cd060542a26d2dd7832fd6a6c6c3ade
- name: github.com/mattn/go-isatty
  version: 6ca4dbf54d38eea1a992b3c722a76a5d1c4cb25c
- name: github.com/rcrowley/go-metrics
  version: e2704e165165ec55d062f5919b4b29494e9fa790
- name: github.com/Unknwon/goconfig
  version: ef1e4c783f8f0478bd8bff0edb3dd0bade552599
- name: github.com/vrischmann/go-metrics-influxdb
  version: 43af8332c303f62ef62663b02b3b7d8a9802002a
- name: golang.org/x/sys
  version: d8e400bc7db4870d786864138af681469693d18c
  subpackages:
  - unix
testImports: []
